{
  "requires": true,
  "lockfileVersion": 1,
  "dependencies": {
    "immer": {
      "version": "7.0.7",
      "resolved": "https://registry.npmjs.org/immer/-/immer-7.0.7.tgz",
      "integrity": "sha512-Q8yYwVADJXrNfp1ZUAh4XDHkcoE3wpdpb4mC5abDSajs2EbW8+cGdPyAnglMyLnm7EF6ojD2xBFX7L5i4TIytw=="
    },
    "use-immer": {
      "version": "0.4.1",
      "resolved": "https://registry.npmjs.org/use-immer/-/use-immer-0.4.1.tgz",
      "integrity": "sha512-lXukZMx+sWwkWOLMyd5/5Obr6xTDFGSOJ85/nGQk/qhpWAohaFWrYJkT2+70seU/F6Dh7S41c9X6TWL9ljReGQ=="
    }
  }
}
